
Microsoft Visual Studio Solution File, Format Version 12.00
# Visual Studio Version 16
VisualStudioVersion = 16.0.31025.194
MinimumVisualStudioVersion = 10.0.40219.1
Project("{8BC9CEB8-8B4A-11D0-8D11-00A0C91BC942}") = "0901-1", "0901-1\0901-1.vcxproj", "{DBC856EB-F4C8-44BE-AA8C-78328FB83025}"
EndProject
Global
	GlobalSection(SolutionConfigurationPlatforms) = preSolution
		Debug|x64 = Debug|x64
		Debug|x86 = Debug|x86
		Release|x64 = Release|x64
		Release|x86 = Release|x86
	EndGlobalSection
	GlobalSection(ProjectConfigurationPlatforms) = postSolution
		{DBC856EB-F4C8-44BE-AA8C-78328FB83025}.Debug|x64.ActiveCfg = Debug|x64
		{DBC856EB-F4C8-44BE-AA8C-78328FB83025}.Debug|x64.Build.0 = Debug|x64
		{DBC856EB-F4C8-44BE-AA8C-78328FB83025}.Debug|x86.ActiveCfg = Debug|Win32
		{DBC856EB-F4C8-44BE-AA8C-78328FB83025}.Debug|x86.Build.0 = Debug|Win32
		{DBC856EB-F4C8-44BE-AA8C-78328FB83025}.Release|x64.ActiveCfg = Release|x64
		{DBC856EB-F4C8-44BE-AA8C-78328FB83025}.Release|x64.Build.0 = Release|x64
		{DBC856EB-F4C8-44BE-AA8C-78328FB83025}.Release|x86.ActiveCfg = Release|Win32
		{DBC856EB-F4C8-44BE-AA8C-78328FB83025}.Release|x86.Build.0 = Release|Win32
	EndGlobalSection
	GlobalSection(SolutionProperties) = preSolution
		HideSolutionNode = FALSE
	EndGlobalSection
	GlobalSection(ExtensibilityGlobals) = postSolution
		SolutionGuid = {9A16F23B-4903-421F-AFF4-7BD663469C53}
	EndGlobalSection
EndGlobal
