
Microsoft Visual Studio Solution File, Format Version 12.00
# Visual Studio Version 16
VisualStudioVersion = 16.0.31025.194
MinimumVisualStudioVersion = 10.0.40219.1
Project("{8BC9CEB8-8B4A-11D0-8D11-00A0C91BC942}") = "pb1", "pb1\pb1.vcxproj", "{49617382-EBEB-4869-8A4E-E7BA2A082B48}"
EndProject
Project("{8BC9CEB8-8B4A-11D0-8D11-00A0C91BC942}") = "pb2", "pb2\pb2.vcxproj", "{AF793DA6-DC89-4C96-9454-5852276074F5}"
EndProject
Global
	GlobalSection(SolutionConfigurationPlatforms) = preSolution
		Debug|x64 = Debug|x64
		Debug|x86 = Debug|x86
		Release|x64 = Release|x64
		Release|x86 = Release|x86
	EndGlobalSection
	GlobalSection(ProjectConfigurationPlatforms) = postSolution
		{49617382-EBEB-4869-8A4E-E7BA2A082B48}.Debug|x64.ActiveCfg = Debug|x64
		{49617382-EBEB-4869-8A4E-E7BA2A082B48}.Debug|x64.Build.0 = Debug|x64
		{49617382-EBEB-4869-8A4E-E7BA2A082B48}.Debug|x86.ActiveCfg = Debug|Win32
		{49617382-EBEB-4869-8A4E-E7BA2A082B48}.Debug|x86.Build.0 = Debug|Win32
		{49617382-EBEB-4869-8A4E-E7BA2A082B48}.Release|x64.ActiveCfg = Release|x64
		{49617382-EBEB-4869-8A4E-E7BA2A082B48}.Release|x64.Build.0 = Release|x64
		{49617382-EBEB-4869-8A4E-E7BA2A082B48}.Release|x86.ActiveCfg = Release|Win32
		{49617382-EBEB-4869-8A4E-E7BA2A082B48}.Release|x86.Build.0 = Release|Win32
		{AF793DA6-DC89-4C96-9454-5852276074F5}.Debug|x64.ActiveCfg = Debug|x64
		{AF793DA6-DC89-4C96-9454-5852276074F5}.Debug|x64.Build.0 = Debug|x64
		{AF793DA6-DC89-4C96-9454-5852276074F5}.Debug|x86.ActiveCfg = Debug|Win32
		{AF793DA6-DC89-4C96-9454-5852276074F5}.Debug|x86.Build.0 = Debug|Win32
		{AF793DA6-DC89-4C96-9454-5852276074F5}.Release|x64.ActiveCfg = Release|x64
		{AF793DA6-DC89-4C96-9454-5852276074F5}.Release|x64.Build.0 = Release|x64
		{AF793DA6-DC89-4C96-9454-5852276074F5}.Release|x86.ActiveCfg = Release|Win32
		{AF793DA6-DC89-4C96-9454-5852276074F5}.Release|x86.Build.0 = Release|Win32
	EndGlobalSection
	GlobalSection(SolutionProperties) = preSolution
		HideSolutionNode = FALSE
	EndGlobalSection
	GlobalSection(ExtensibilityGlobals) = postSolution
		SolutionGuid = {EBAC4F86-1ADA-4B6C-B626-200624A92B73}
	EndGlobalSection
EndGlobal
